
Microsoft Visual Studio Solution File, Format Version 12.00
# Visual Studio 15
VisualStudioVersion = 15.0.26730.15
MinimumVisualStudioVersion = 10.0.40219.1
Project("{FAE04EC0-301F-11D3-BF4B-00C04F79EFBC}") = "EmitLogTopic", "EmitLogTopic\EmitLogTopic.csproj", "{BED63A9C-FD8D-4310-9208-2D46BB2A5DC6}"
EndProject
Global
	GlobalSection(SolutionConfigurationPlatforms) = preSolution
		Debug|Any CPU = Debug|Any CPU
		Release|Any CPU = Release|Any CPU
	EndGlobalSection
	GlobalSection(ProjectConfigurationPlatforms) = postSolution
		{BED63A9C-FD8D-4310-9208-2D46BB2A5DC6}.Debug|Any CPU.ActiveCfg = Debug|Any CPU
		{BED63A9C-FD8D-4310-9208-2D46BB2A5DC6}.Debug|Any CPU.Build.0 = Debug|Any CPU
		{BED63A9C-FD8D-4310-9208-2D46BB2A5DC6}.Release|Any CPU.ActiveCfg = Release|Any CPU
		{BED63A9C-FD8D-4310-9208-2D46BB2A5DC6}.Release|Any CPU.Build.0 = Release|Any CPU
	EndGlobalSection
	GlobalSection(SolutionProperties) = preSolution
		HideSolutionNode = FALSE
	EndGlobalSection
	GlobalSection(ExtensibilityGlobals) = postSolution
		SolutionGuid = {C91BA21F-2F73-43CA-8BDE-D80FE39CDC0E}
	EndGlobalSection
EndGlobal
