
Microsoft Visual Studio Solution File, Format Version 12.00
# Visual Studio 15
VisualStudioVersion = 15.0.27004.2008
MinimumVisualStudioVersion = 10.0.40219.1
Project("{9A19103F-16F7-4668-BE54-9A1E7A4F7556}") = "PSSC_Tema_2_DDD", "PSSC_Tema_2_DDD\PSSC_Tema_2_DDD.csproj", "{A83A8651-E339-44BD-AF6C-B3DAE130D208}"
EndProject
Project("{2150E333-8FDC-42A3-9474-1A3956D46DE8}") = "Infrastructura", "Infrastructura", "{D984A076-84EE-4145-B88A-F96A7F65D81C}"
EndProject
Project("{2150E333-8FDC-42A3-9474-1A3956D46DE8}") = "Modele", "Modele", "{1B2A78B0-202F-45BB-B6D3-6E566DF77970}"
EndProject
Project("{2150E333-8FDC-42A3-9474-1A3956D46DE8}") = "Repositories", "Repositories", "{4740B17B-2C4B-489E-BFF5-470A1D3A7A22}"
EndProject
Project("{2150E333-8FDC-42A3-9474-1A3956D46DE8}") = "Servicii", "Servicii", "{3D8A449F-E7CE-40E0-8059-A52E16A93AAE}"
EndProject
Project("{FAE04EC0-301F-11D3-BF4B-00C04F79EFBC}") = "Pdf", "Pdf\Pdf.csproj", "{C846E800-345C-4D55-995D-A523EE42F88F}"
EndProject
Project("{FAE04EC0-301F-11D3-BF4B-00C04F79EFBC}") = "PrintRaportPdf", "PrintPdf\PrintRaportPdf.csproj", "{0A089C3C-2C56-4367-AF8E-3DD41AC80D7B}"
EndProject
Project("{FAE04EC0-301F-11D3-BF4B-00C04F79EFBC}") = "Modele.Programare", "Programare\Modele.Programare.csproj", "{EED08B8F-59D1-4121-9001-8F6343D20898}"
EndProject
Project("{FAE04EC0-301F-11D3-BF4B-00C04F79EFBC}") = "Modele.Sectie", "Sectie\Modele.Sectie.csproj", "{784BC7B4-C64C-4ABD-B2FA-EF5C02E0C1EC}"
EndProject
Project("{FAE04EC0-301F-11D3-BF4B-00C04F79EFBC}") = "Modele.Cabinet", "Cabinet\Modele.Cabinet.csproj", "{0374DA59-324A-40DF-89F7-B129F3759BBC}"
EndProject
Project("{FAE04EC0-301F-11D3-BF4B-00C04F79EFBC}") = "Modele.Clinica", "Clinica\Modele.Clinica.csproj", "{C9E97FA4-022F-4C94-BBCE-4C6298048CC9}"
EndProject
Project("{FAE04EC0-301F-11D3-BF4B-00C04F79EFBC}") = "Modele.Generic", "Generic\Modele.Generic.csproj", "{0EBBDABD-6E23-4B6E-ABCE-85418D690076}"
EndProject
Project("{FAE04EC0-301F-11D3-BF4B-00C04F79EFBC}") = "Modele.Program", "Program\Modele.Program.csproj", "{2FB616B8-1BB7-49D2-8DD1-BFC6F9BA8CB6}"
EndProject
Project("{FAE04EC0-301F-11D3-BF4B-00C04F79EFBC}") = "Modele.Pacient", "Pacient\Modele.Pacient.csproj", "{39FC9278-B674-4D61-BEAD-5BD23FE4D73F}"
EndProject
Project("{FAE04EC0-301F-11D3-BF4B-00C04F79EFBC}") = "Repositories.Cabinet", "Repositories.Cabinet\Repositories.Cabinet.csproj", "{5E3D9F31-FA8A-430C-8E88-C852ACAC7A6C}"
EndProject
Project("{FAE04EC0-301F-11D3-BF4B-00C04F79EFBC}") = "Servicii.Clinica", "Servicii.clinica\Servicii.Clinica.csproj", "{4654A845-9370-4111-B122-911C35FB2BAD}"
EndProject
Project("{FAE04EC0-301F-11D3-BF4B-00C04F79EFBC}") = "Servicii.Cabinet", "Servicii.Cabinet\Servicii.Cabinet.csproj", "{F553AC91-B1A8-43F1-848D-050137360DD8}"
EndProject
Project("{FAE04EC0-301F-11D3-BF4B-00C04F79EFBC}") = "PrintRaportPdfTests", "PrintRaportPdfTests\PrintRaportPdfTests.csproj", "{EE6A167C-C637-49B4-9BF6-9A8F6E399554}"
EndProject
Project("{FAE04EC0-301F-11D3-BF4B-00C04F79EFBC}") = "Modele.CabinetTests", "Modele.CabinetTests\Modele.CabinetTests.csproj", "{CB5E07A5-75D9-4F63-B3CD-40BF9689B77D}"
EndProject
Global
	GlobalSection(SolutionConfigurationPlatforms) = preSolution
		Debug|Any CPU = Debug|Any CPU
		Release|Any CPU = Release|Any CPU
	EndGlobalSection
	GlobalSection(ProjectConfigurationPlatforms) = postSolution
		{A83A8651-E339-44BD-AF6C-B3DAE130D208}.Debug|Any CPU.ActiveCfg = Debug|Any CPU
		{A83A8651-E339-44BD-AF6C-B3DAE130D208}.Debug|Any CPU.Build.0 = Debug|Any CPU
		{A83A8651-E339-44BD-AF6C-B3DAE130D208}.Release|Any CPU.ActiveCfg = Release|Any CPU
		{A83A8651-E339-44BD-AF6C-B3DAE130D208}.Release|Any CPU.Build.0 = Release|Any CPU
		{C846E800-345C-4D55-995D-A523EE42F88F}.Debug|Any CPU.ActiveCfg = Debug|Any CPU
		{C846E800-345C-4D55-995D-A523EE42F88F}.Debug|Any CPU.Build.0 = Debug|Any CPU
		{C846E800-345C-4D55-995D-A523EE42F88F}.Release|Any CPU.ActiveCfg = Release|Any CPU
		{C846E800-345C-4D55-995D-A523EE42F88F}.Release|Any CPU.Build.0 = Release|Any CPU
		{0A089C3C-2C56-4367-AF8E-3DD41AC80D7B}.Debug|Any CPU.ActiveCfg = Debug|Any CPU
		{0A089C3C-2C56-4367-AF8E-3DD41AC80D7B}.Debug|Any CPU.Build.0 = Debug|Any CPU
		{0A089C3C-2C56-4367-AF8E-3DD41AC80D7B}.Release|Any CPU.ActiveCfg = Release|Any CPU
		{0A089C3C-2C56-4367-AF8E-3DD41AC80D7B}.Release|Any CPU.Build.0 = Release|Any CPU
		{EED08B8F-59D1-4121-9001-8F6343D20898}.Debug|Any CPU.ActiveCfg = Debug|Any CPU
		{EED08B8F-59D1-4121-9001-8F6343D20898}.Debug|Any CPU.Build.0 = Debug|Any CPU
		{EED08B8F-59D1-4121-9001-8F6343D20898}.Release|Any CPU.ActiveCfg = Release|Any CPU
		{EED08B8F-59D1-4121-9001-8F6343D20898}.Release|Any CPU.Build.0 = Release|Any CPU
		{784BC7B4-C64C-4ABD-B2FA-EF5C02E0C1EC}.Debug|Any CPU.ActiveCfg = Debug|Any CPU
		{784BC7B4-C64C-4ABD-B2FA-EF5C02E0C1EC}.Debug|Any CPU.Build.0 = Debug|Any CPU
		{784BC7B4-C64C-4ABD-B2FA-EF5C02E0C1EC}.Release|Any CPU.ActiveCfg = Release|Any CPU
		{784BC7B4-C64C-4ABD-B2FA-EF5C02E0C1EC}.Release|Any CPU.Build.0 = Release|Any CPU
		{0374DA59-324A-40DF-89F7-B129F3759BBC}.Debug|Any CPU.ActiveCfg = Debug|Any CPU
		{0374DA59-324A-40DF-89F7-B129F3759BBC}.Debug|Any CPU.Build.0 = Debug|Any CPU
		{0374DA59-324A-40DF-89F7-B129F3759BBC}.Release|Any CPU.ActiveCfg = Release|Any CPU
		{0374DA59-324A-40DF-89F7-B129F3759BBC}.Release|Any CPU.Build.0 = Release|Any CPU
		{C9E97FA4-022F-4C94-BBCE-4C6298048CC9}.Debug|Any CPU.ActiveCfg = Debug|Any CPU
		{C9E97FA4-022F-4C94-BBCE-4C6298048CC9}.Debug|Any CPU.Build.0 = Debug|Any CPU
		{C9E97FA4-022F-4C94-BBCE-4C6298048CC9}.Release|Any CPU.ActiveCfg = Release|Any CPU
		{C9E97FA4-022F-4C94-BBCE-4C6298048CC9}.Release|Any CPU.Build.0 = Release|Any CPU
		{0EBBDABD-6E23-4B6E-ABCE-85418D690076}.Debug|Any CPU.ActiveCfg = Debug|Any CPU
		{0EBBDABD-6E23-4B6E-ABCE-85418D690076}.Debug|Any CPU.Build.0 = Debug|Any CPU
		{0EBBDABD-6E23-4B6E-ABCE-85418D690076}.Release|Any CPU.ActiveCfg = Release|Any CPU
		{0EBBDABD-6E23-4B6E-ABCE-85418D690076}.Release|Any CPU.Build.0 = Release|Any CPU
		{2FB616B8-1BB7-49D2-8DD1-BFC6F9BA8CB6}.Debug|Any CPU.ActiveCfg = Debug|Any CPU
		{2FB616B8-1BB7-49D2-8DD1-BFC6F9BA8CB6}.Debug|Any CPU.Build.0 = Debug|Any CPU
		{2FB616B8-1BB7-49D2-8DD1-BFC6F9BA8CB6}.Release|Any CPU.ActiveCfg = Release|Any CPU
		{2FB616B8-1BB7-49D2-8DD1-BFC6F9BA8CB6}.Release|Any CPU.Build.0 = Release|Any CPU
		{39FC9278-B674-4D61-BEAD-5BD23FE4D73F}.Debug|Any CPU.ActiveCfg = Debug|Any CPU
		{39FC9278-B674-4D61-BEAD-5BD23FE4D73F}.Debug|Any CPU.Build.0 = Debug|Any CPU
		{39FC9278-B674-4D61-BEAD-5BD23FE4D73F}.Release|Any CPU.ActiveCfg = Release|Any CPU
		{39FC9278-B674-4D61-BEAD-5BD23FE4D73F}.Release|Any CPU.Build.0 = Release|Any CPU
		{5E3D9F31-FA8A-430C-8E88-C852ACAC7A6C}.Debug|Any CPU.ActiveCfg = Debug|Any CPU
		{5E3D9F31-FA8A-430C-8E88-C852ACAC7A6C}.Debug|Any CPU.Build.0 = Debug|Any CPU
		{5E3D9F31-FA8A-430C-8E88-C852ACAC7A6C}.Release|Any CPU.ActiveCfg = Release|Any CPU
		{5E3D9F31-FA8A-430C-8E88-C852ACAC7A6C}.Release|Any CPU.Build.0 = Release|Any CPU
		{4654A845-9370-4111-B122-911C35FB2BAD}.Debug|Any CPU.ActiveCfg = Debug|Any CPU
		{4654A845-9370-4111-B122-911C35FB2BAD}.Debug|Any CPU.Build.0 = Debug|Any CPU
		{4654A845-9370-4111-B122-911C35FB2BAD}.Release|Any CPU.ActiveCfg = Release|Any CPU
		{4654A845-9370-4111-B122-911C35FB2BAD}.Release|Any CPU.Build.0 = Release|Any CPU
		{F553AC91-B1A8-43F1-848D-050137360DD8}.Debug|Any CPU.ActiveCfg = Debug|Any CPU
		{F553AC91-B1A8-43F1-848D-050137360DD8}.Debug|Any CPU.Build.0 = Debug|Any CPU
		{F553AC91-B1A8-43F1-848D-050137360DD8}.Release|Any CPU.ActiveCfg = Release|Any CPU
		{F553AC91-B1A8-43F1-848D-050137360DD8}.Release|Any CPU.Build.0 = Release|Any CPU
		{EE6A167C-C637-49B4-9BF6-9A8F6E399554}.Debug|Any CPU.ActiveCfg = Debug|Any CPU
		{EE6A167C-C637-49B4-9BF6-9A8F6E399554}.Debug|Any CPU.Build.0 = Debug|Any CPU
		{EE6A167C-C637-49B4-9BF6-9A8F6E399554}.Release|Any CPU.ActiveCfg = Release|Any CPU
		{EE6A167C-C637-49B4-9BF6-9A8F6E399554}.Release|Any CPU.Build.0 = Release|Any CPU
		{CB5E07A5-75D9-4F63-B3CD-40BF9689B77D}.Debug|Any CPU.ActiveCfg = Debug|Any CPU
		{CB5E07A5-75D9-4F63-B3CD-40BF9689B77D}.Debug|Any CPU.Build.0 = Debug|Any CPU
		{CB5E07A5-75D9-4F63-B3CD-40BF9689B77D}.Release|Any CPU.ActiveCfg = Release|Any CPU
		{CB5E07A5-75D9-4F63-B3CD-40BF9689B77D}.Release|Any CPU.Build.0 = Release|Any CPU
	EndGlobalSection
	GlobalSection(SolutionProperties) = preSolution
		HideSolutionNode = FALSE
	EndGlobalSection
	GlobalSection(NestedProjects) = preSolution
		{C846E800-345C-4D55-995D-A523EE42F88F} = {D984A076-84EE-4145-B88A-F96A7F65D81C}
		{0A089C3C-2C56-4367-AF8E-3DD41AC80D7B} = {D984A076-84EE-4145-B88A-F96A7F65D81C}
		{EED08B8F-59D1-4121-9001-8F6343D20898} = {1B2A78B0-202F-45BB-B6D3-6E566DF77970}
		{784BC7B4-C64C-4ABD-B2FA-EF5C02E0C1EC} = {1B2A78B0-202F-45BB-B6D3-6E566DF77970}
		{0374DA59-324A-40DF-89F7-B129F3759BBC} = {1B2A78B0-202F-45BB-B6D3-6E566DF77970}
		{C9E97FA4-022F-4C94-BBCE-4C6298048CC9} = {1B2A78B0-202F-45BB-B6D3-6E566DF77970}
		{0EBBDABD-6E23-4B6E-ABCE-85418D690076} = {1B2A78B0-202F-45BB-B6D3-6E566DF77970}
		{2FB616B8-1BB7-49D2-8DD1-BFC6F9BA8CB6} = {1B2A78B0-202F-45BB-B6D3-6E566DF77970}
		{39FC9278-B674-4D61-BEAD-5BD23FE4D73F} = {1B2A78B0-202F-45BB-B6D3-6E566DF77970}
		{5E3D9F31-FA8A-430C-8E88-C852ACAC7A6C} = {4740B17B-2C4B-489E-BFF5-470A1D3A7A22}
		{4654A845-9370-4111-B122-911C35FB2BAD} = {3D8A449F-E7CE-40E0-8059-A52E16A93AAE}
		{F553AC91-B1A8-43F1-848D-050137360DD8} = {3D8A449F-E7CE-40E0-8059-A52E16A93AAE}
	EndGlobalSection
	GlobalSection(ExtensibilityGlobals) = postSolution
		SolutionGuid = {9C53F302-5B70-49BB-B6C1-A12CF6FC3592}
	EndGlobalSection
EndGlobal
