
Microsoft Visual Studio Solution File, Format Version 12.00
# Visual Studio 15
VisualStudioVersion = 15.0.26730.16
MinimumVisualStudioVersion = 10.0.40219.1
Project("{888888A0-9F3D-457C-B088-3A5042F75D52}") = "pssc_receiver", "pssc_receiver\pssc_receiver.pyproj", "{91A54ED8-6478-4130-A430-92622A704659}"
EndProject
Global
	GlobalSection(SolutionConfigurationPlatforms) = preSolution
		Debug|Any CPU = Debug|Any CPU
		Release|Any CPU = Release|Any CPU
	EndGlobalSection
	GlobalSection(ProjectConfigurationPlatforms) = postSolution
		{91A54ED8-6478-4130-A430-92622A704659}.Debug|Any CPU.ActiveCfg = Debug|Any CPU
		{91A54ED8-6478-4130-A430-92622A704659}.Release|Any CPU.ActiveCfg = Release|Any CPU
	EndGlobalSection
	GlobalSection(SolutionProperties) = preSolution
		HideSolutionNode = FALSE
	EndGlobalSection
	GlobalSection(ExtensibilityGlobals) = postSolution
		SolutionGuid = {15393D8D-DF2A-4352-A19E-8281F928689C}
	EndGlobalSection
EndGlobal
