
Microsoft Visual Studio Solution File, Format Version 12.00
# Visual Studio 15
VisualStudioVersion = 15.0.27004.2005
MinimumVisualStudioVersion = 10.0.40219.1
Project("{FAE04EC0-301F-11D3-BF4B-00C04F79EFBC}") = "Scor", "Scor\Scor.csproj", "{7E129303-2C7B-4702-BC81-8C53AF564C4A}"
EndProject
Project("{FAE04EC0-301F-11D3-BF4B-00C04F79EFBC}") = "Teste", "Teste\Teste.csproj", "{E38E7312-1E76-43A7-98B8-D35FD8DF8639}"
EndProject
Global
	GlobalSection(SolutionConfigurationPlatforms) = preSolution
		Debug|Any CPU = Debug|Any CPU
		Release|Any CPU = Release|Any CPU
	EndGlobalSection
	GlobalSection(ProjectConfigurationPlatforms) = postSolution
		{7E129303-2C7B-4702-BC81-8C53AF564C4A}.Debug|Any CPU.ActiveCfg = Debug|Any CPU
		{7E129303-2C7B-4702-BC81-8C53AF564C4A}.Debug|Any CPU.Build.0 = Debug|Any CPU
		{7E129303-2C7B-4702-BC81-8C53AF564C4A}.Release|Any CPU.ActiveCfg = Release|Any CPU
		{7E129303-2C7B-4702-BC81-8C53AF564C4A}.Release|Any CPU.Build.0 = Release|Any CPU
		{E38E7312-1E76-43A7-98B8-D35FD8DF8639}.Debug|Any CPU.ActiveCfg = Debug|Any CPU
		{E38E7312-1E76-43A7-98B8-D35FD8DF8639}.Debug|Any CPU.Build.0 = Debug|Any CPU
		{E38E7312-1E76-43A7-98B8-D35FD8DF8639}.Release|Any CPU.ActiveCfg = Release|Any CPU
		{E38E7312-1E76-43A7-98B8-D35FD8DF8639}.Release|Any CPU.Build.0 = Release|Any CPU
	EndGlobalSection
	GlobalSection(SolutionProperties) = preSolution
		HideSolutionNode = FALSE
	EndGlobalSection
	GlobalSection(ExtensibilityGlobals) = postSolution
		SolutionGuid = {54270D9B-6A36-4236-A8F5-09CEA4C13178}
	EndGlobalSection
	GlobalSection(TeamFoundationVersionControl) = preSolution
		SccNumberOfProjects = 3
		SccEnterpriseProvider = {4CA58AB2-18FA-4F8D-95D4-32DDF27D184C}
		SccTeamFoundationServer = https://b624-software.visualstudio.com/
		SccLocalPath0 = .
		SccProjectUniqueName1 = Scor\\Scor.csproj
		SccProjectName1 = Scor
		SccLocalPath1 = Scor
		SccProjectUniqueName2 = Teste\\Teste.csproj
		SccProjectName2 = Teste
		SccLocalPath2 = Teste
	EndGlobalSection
EndGlobal
