
Microsoft Visual Studio Solution File, Format Version 12.00
# Visual Studio 15
VisualStudioVersion = 15.0.26228.12
MinimumVisualStudioVersion = 10.0.40219.1
Project("{FAE04EC0-301F-11D3-BF4B-00C04F79EFBC}") = "Tema2_PSSC", "Tema2_PSSC\Tema2_PSSC.csproj", "{03B4206F-0C7D-468A-87BF-5CAAA29B10C9}"
EndProject
Project("{2150E333-8FDC-42A3-9474-1A3956D46DE8}") = "Models", "Models", "{9D4C117D-426E-4299-8961-F99248DE476C}"
EndProject
Project("{2150E333-8FDC-42A3-9474-1A3956D46DE8}") = "Repositories", "Repositories", "{236ED93E-CDC9-4F5B-8ABF-6B098120E374}"
EndProject
Project("{FAE04EC0-301F-11D3-BF4B-00C04F79EFBC}") = "Model.MagazinElectronice", "Model.MagazinElectronice\Model.MagazinElectronice.csproj", "{AFC81FB4-3477-4025-A05C-CF683DC4C9FD}"
EndProject
Project("{FAE04EC0-301F-11D3-BF4B-00C04F79EFBC}") = "Model.Generic", "Model.Generic\Model.Generic.csproj", "{10B1BCD2-5F25-4B75-B048-E2623C91C590}"
EndProject
Project("{FAE04EC0-301F-11D3-BF4B-00C04F79EFBC}") = "MagazinElectroniceRepositories.cs", "MagazinElectroniceRepositories.cs\MagazinElectroniceRepositories.cs.csproj", "{F6EF8B48-4A97-453F-8C9C-9405B665A7BA}"
EndProject
Global
	GlobalSection(SolutionConfigurationPlatforms) = preSolution
		Debug|Any CPU = Debug|Any CPU
		Release|Any CPU = Release|Any CPU
	EndGlobalSection
	GlobalSection(ProjectConfigurationPlatforms) = postSolution
		{03B4206F-0C7D-468A-87BF-5CAAA29B10C9}.Debug|Any CPU.ActiveCfg = Debug|Any CPU
		{03B4206F-0C7D-468A-87BF-5CAAA29B10C9}.Debug|Any CPU.Build.0 = Debug|Any CPU
		{03B4206F-0C7D-468A-87BF-5CAAA29B10C9}.Release|Any CPU.ActiveCfg = Release|Any CPU
		{03B4206F-0C7D-468A-87BF-5CAAA29B10C9}.Release|Any CPU.Build.0 = Release|Any CPU
		{AFC81FB4-3477-4025-A05C-CF683DC4C9FD}.Debug|Any CPU.ActiveCfg = Debug|Any CPU
		{AFC81FB4-3477-4025-A05C-CF683DC4C9FD}.Debug|Any CPU.Build.0 = Debug|Any CPU
		{AFC81FB4-3477-4025-A05C-CF683DC4C9FD}.Release|Any CPU.ActiveCfg = Release|Any CPU
		{AFC81FB4-3477-4025-A05C-CF683DC4C9FD}.Release|Any CPU.Build.0 = Release|Any CPU
		{10B1BCD2-5F25-4B75-B048-E2623C91C590}.Debug|Any CPU.ActiveCfg = Debug|Any CPU
		{10B1BCD2-5F25-4B75-B048-E2623C91C590}.Debug|Any CPU.Build.0 = Debug|Any CPU
		{10B1BCD2-5F25-4B75-B048-E2623C91C590}.Release|Any CPU.ActiveCfg = Release|Any CPU
		{10B1BCD2-5F25-4B75-B048-E2623C91C590}.Release|Any CPU.Build.0 = Release|Any CPU
		{F6EF8B48-4A97-453F-8C9C-9405B665A7BA}.Debug|Any CPU.ActiveCfg = Debug|Any CPU
		{F6EF8B48-4A97-453F-8C9C-9405B665A7BA}.Debug|Any CPU.Build.0 = Debug|Any CPU
		{F6EF8B48-4A97-453F-8C9C-9405B665A7BA}.Release|Any CPU.ActiveCfg = Release|Any CPU
		{F6EF8B48-4A97-453F-8C9C-9405B665A7BA}.Release|Any CPU.Build.0 = Release|Any CPU
	EndGlobalSection
	GlobalSection(SolutionProperties) = preSolution
		HideSolutionNode = FALSE
	EndGlobalSection
	GlobalSection(NestedProjects) = preSolution
		{AFC81FB4-3477-4025-A05C-CF683DC4C9FD} = {9D4C117D-426E-4299-8961-F99248DE476C}
		{10B1BCD2-5F25-4B75-B048-E2623C91C590} = {9D4C117D-426E-4299-8961-F99248DE476C}
		{F6EF8B48-4A97-453F-8C9C-9405B665A7BA} = {236ED93E-CDC9-4F5B-8ABF-6B098120E374}
	EndGlobalSection
EndGlobal
